
Microsoft Visual Studio Solution File, Format Version 12.00
# Visual Studio Version 17
VisualStudioVersion = 17.9.34616.47
MinimumVisualStudioVersion = 10.0.40219.1
Project("{FAE04EC0-301F-11D3-BF4B-00C04F79EFBC}") = "BambooCardCurrencyConverter", "BambooCardCurrencyConverter\BambooCardCurrencyConverter.csproj", "{727CB615-A852-4B10-A36D-029EF1CD0075}"
EndProject
Project("{FAE04EC0-301F-11D3-BF4B-00C04F79EFBC}") = "CurrencyConverterModels", "CurrencyConverterModels\CurrencyConverterModels.csproj", "{6EAD0483-0A6C-4328-A288-BF11612EDB46}"
EndProject
Project("{FAE04EC0-301F-11D3-BF4B-00C04F79EFBC}") = "BambooCardCurrencyConverterTests", "BambooCardCurrencyConverterTests\BambooCardCurrencyConverterTests.csproj", "{27A27922-4AD9-4D26-8E1B-7528EE28A0E2}"
EndProject
Global
	GlobalSection(SolutionConfigurationPlatforms) = preSolution
		Debug|Any CPU = Debug|Any CPU
		Release|Any CPU = Release|Any CPU
	EndGlobalSection
	GlobalSection(ProjectConfigurationPlatforms) = postSolution
		{727CB615-A852-4B10-A36D-029EF1CD0075}.Debug|Any CPU.ActiveCfg = Debug|Any CPU
		{727CB615-A852-4B10-A36D-029EF1CD0075}.Debug|Any CPU.Build.0 = Debug|Any CPU
		{727CB615-A852-4B10-A36D-029EF1CD0075}.Release|Any CPU.ActiveCfg = Release|Any CPU
		{727CB615-A852-4B10-A36D-029EF1CD0075}.Release|Any CPU.Build.0 = Release|Any CPU
		{6EAD0483-0A6C-4328-A288-BF11612EDB46}.Debug|Any CPU.ActiveCfg = Debug|Any CPU
		{6EAD0483-0A6C-4328-A288-BF11612EDB46}.Debug|Any CPU.Build.0 = Debug|Any CPU
		{6EAD0483-0A6C-4328-A288-BF11612EDB46}.Release|Any CPU.ActiveCfg = Release|Any CPU
		{6EAD0483-0A6C-4328-A288-BF11612EDB46}.Release|Any CPU.Build.0 = Release|Any CPU
		{27A27922-4AD9-4D26-8E1B-7528EE28A0E2}.Debug|Any CPU.ActiveCfg = Debug|Any CPU
		{27A27922-4AD9-4D26-8E1B-7528EE28A0E2}.Debug|Any CPU.Build.0 = Debug|Any CPU
		{27A27922-4AD9-4D26-8E1B-7528EE28A0E2}.Release|Any CPU.ActiveCfg = Release|Any CPU
		{27A27922-4AD9-4D26-8E1B-7528EE28A0E2}.Release|Any CPU.Build.0 = Release|Any CPU
	EndGlobalSection
	GlobalSection(SolutionProperties) = preSolution
		HideSolutionNode = FALSE
	EndGlobalSection
	GlobalSection(ExtensibilityGlobals) = postSolution
		SolutionGuid = {D3AAB0E4-DA17-48EF-A500-9544573C9EFB}
	EndGlobalSection
EndGlobal
